
Microsoft Visual Studio Solution File, Format Version 12.00
# Visual Studio Version 16
VisualStudioVersion = 16.0.31729.503
MinimumVisualStudioVersion = 10.0.40219.1
Project("{FAE04EC0-301F-11D3-BF4B-00C04F79EFBC}") = "dataTest", "dataTest\dataTest.csproj", "{CF1162F1-1129-42AD-9EC8-40F8B57B5601}"
EndProject
Global
	GlobalSection(SolutionConfigurationPlatforms) = preSolution
		Debug|Any CPU = Debug|Any CPU
		Release|Any CPU = Release|Any CPU
	EndGlobalSection
	GlobalSection(ProjectConfigurationPlatforms) = postSolution
		{CF1162F1-1129-42AD-9EC8-40F8B57B5601}.Debug|Any CPU.ActiveCfg = Debug|Any CPU
		{CF1162F1-1129-42AD-9EC8-40F8B57B5601}.Debug|Any CPU.Build.0 = Debug|Any CPU
		{CF1162F1-1129-42AD-9EC8-40F8B57B5601}.Release|Any CPU.ActiveCfg = Release|Any CPU
		{CF1162F1-1129-42AD-9EC8-40F8B57B5601}.Release|Any CPU.Build.0 = Release|Any CPU
	EndGlobalSection
	GlobalSection(SolutionProperties) = preSolution
		HideSolutionNode = FALSE
	EndGlobalSection
	GlobalSection(ExtensibilityGlobals) = postSolution
		SolutionGuid = {738C8908-41EC-41C4-B44B-A04B805ED769}
	EndGlobalSection
EndGlobal
